
Microsoft Visual Studio Solution File, Format Version 12.00
Project("{2150E333-8FDC-42A3-9474-1A3956D46DE8}") = "App", "App", "{CE09BAD2-745B-42F1-9FBC-6159BDE91AF0}"
EndProject
Project("{2150E333-8FDC-42A3-9474-1A3956D46DE8}") = "Test", "Test", "{998C82D6-3D77-47C8-9BC3-ED95013F24FF}"
EndProject
Project("{FAE04EC0-301F-11D3-BF4B-00C04F79EFBC}") = "LABCC.Domain", "App\LABCC.Domain\LABCC.Domain.csproj", "{94FD4DC3-5E37-4F6D-9824-9FD86217BE4B}"
EndProject
Project("{FAE04EC0-301F-11D3-BF4B-00C04F79EFBC}") = "LABCC.Infrastructure", "App\LABCC.Infrastructure\LABCC.Infrastructure.csproj", "{B03C8363-89B9-4AB3-9F27-30D9618D98F6}"
EndProject
Project("{FAE04EC0-301F-11D3-BF4B-00C04F79EFBC}") = "LABCC.UnitTest", "Test\LABCC.UnitTest\LABCC.UnitTest.csproj", "{F5A4BA7D-B5C2-474B-8C71-90424BD556DB}"
EndProject
Project("{FAE04EC0-301F-11D3-BF4B-00C04F79EFBC}") = "LABCC.Application", "App\LABCC.Application\LABCC.Application.csproj", "{92A8535D-BA7D-426C-9BF9-C86EC8B15BC2}"
EndProject
Global
	GlobalSection(SolutionConfigurationPlatforms) = preSolution
		Debug|Any CPU = Debug|Any CPU
		Release|Any CPU = Release|Any CPU
	EndGlobalSection
	GlobalSection(NestedProjects) = preSolution
		{94FD4DC3-5E37-4F6D-9824-9FD86217BE4B} = {CE09BAD2-745B-42F1-9FBC-6159BDE91AF0}
		{B03C8363-89B9-4AB3-9F27-30D9618D98F6} = {CE09BAD2-745B-42F1-9FBC-6159BDE91AF0}
		{F5A4BA7D-B5C2-474B-8C71-90424BD556DB} = {998C82D6-3D77-47C8-9BC3-ED95013F24FF}
		{92A8535D-BA7D-426C-9BF9-C86EC8B15BC2} = {CE09BAD2-745B-42F1-9FBC-6159BDE91AF0}
	EndGlobalSection
	GlobalSection(ProjectConfigurationPlatforms) = postSolution
		{94FD4DC3-5E37-4F6D-9824-9FD86217BE4B}.Debug|Any CPU.ActiveCfg = Debug|Any CPU
		{94FD4DC3-5E37-4F6D-9824-9FD86217BE4B}.Debug|Any CPU.Build.0 = Debug|Any CPU
		{94FD4DC3-5E37-4F6D-9824-9FD86217BE4B}.Release|Any CPU.ActiveCfg = Release|Any CPU
		{94FD4DC3-5E37-4F6D-9824-9FD86217BE4B}.Release|Any CPU.Build.0 = Release|Any CPU
		{B03C8363-89B9-4AB3-9F27-30D9618D98F6}.Debug|Any CPU.ActiveCfg = Debug|Any CPU
		{B03C8363-89B9-4AB3-9F27-30D9618D98F6}.Debug|Any CPU.Build.0 = Debug|Any CPU
		{B03C8363-89B9-4AB3-9F27-30D9618D98F6}.Release|Any CPU.ActiveCfg = Release|Any CPU
		{B03C8363-89B9-4AB3-9F27-30D9618D98F6}.Release|Any CPU.Build.0 = Release|Any CPU
		{F5A4BA7D-B5C2-474B-8C71-90424BD556DB}.Debug|Any CPU.ActiveCfg = Debug|Any CPU
		{F5A4BA7D-B5C2-474B-8C71-90424BD556DB}.Debug|Any CPU.Build.0 = Debug|Any CPU
		{F5A4BA7D-B5C2-474B-8C71-90424BD556DB}.Release|Any CPU.ActiveCfg = Release|Any CPU
		{F5A4BA7D-B5C2-474B-8C71-90424BD556DB}.Release|Any CPU.Build.0 = Release|Any CPU
		{92A8535D-BA7D-426C-9BF9-C86EC8B15BC2}.Debug|Any CPU.ActiveCfg = Debug|Any CPU
		{92A8535D-BA7D-426C-9BF9-C86EC8B15BC2}.Debug|Any CPU.Build.0 = Debug|Any CPU
		{92A8535D-BA7D-426C-9BF9-C86EC8B15BC2}.Release|Any CPU.ActiveCfg = Release|Any CPU
		{92A8535D-BA7D-426C-9BF9-C86EC8B15BC2}.Release|Any CPU.Build.0 = Release|Any CPU
	EndGlobalSection
EndGlobal
